
Microsoft Visual Studio Solution File, Format Version 12.00
# Visual Studio Version 17
VisualStudioVersion = 17.12.35527.113
MinimumVisualStudioVersion = 10.0.40219.1
Project("{FAE04EC0-301F-11D3-BF4B-00C04F79EFBC}") = "control-reserve-back-end", "control-reserve-back-end.csproj", "{FAFE2127-13F6-4AF6-B776-C02D0BA95B8A}"
EndProject
Project("{FAE04EC0-301F-11D3-BF4B-00C04F79EFBC}") = "control-reserve-back-end.test", "..\control-reserve-back-end.test\control-reserve-back-end.test.csproj", "{6C14DB0E-3474-43D9-B66A-9392556BDEFF}"
EndProject
Global
	GlobalSection(SolutionConfigurationPlatforms) = preSolution
		Debug|Any CPU = Debug|Any CPU
		Release|Any CPU = Release|Any CPU
	EndGlobalSection
	GlobalSection(ProjectConfigurationPlatforms) = postSolution
		{FAFE2127-13F6-4AF6-B776-C02D0BA95B8A}.Debug|Any CPU.ActiveCfg = Debug|Any CPU
		{FAFE2127-13F6-4AF6-B776-C02D0BA95B8A}.Debug|Any CPU.Build.0 = Debug|Any CPU
		{FAFE2127-13F6-4AF6-B776-C02D0BA95B8A}.Release|Any CPU.ActiveCfg = Release|Any CPU
		{FAFE2127-13F6-4AF6-B776-C02D0BA95B8A}.Release|Any CPU.Build.0 = Release|Any CPU
		{6C14DB0E-3474-43D9-B66A-9392556BDEFF}.Debug|Any CPU.ActiveCfg = Debug|Any CPU
		{6C14DB0E-3474-43D9-B66A-9392556BDEFF}.Debug|Any CPU.Build.0 = Debug|Any CPU
		{6C14DB0E-3474-43D9-B66A-9392556BDEFF}.Release|Any CPU.ActiveCfg = Release|Any CPU
		{6C14DB0E-3474-43D9-B66A-9392556BDEFF}.Release|Any CPU.Build.0 = Release|Any CPU
	EndGlobalSection
	GlobalSection(SolutionProperties) = preSolution
		HideSolutionNode = FALSE
	EndGlobalSection
EndGlobal
